
Microsoft Visual Studio Solution File, Format Version 12.00
# Visual Studio Version 17
VisualStudioVersion = 17.12.35527.113 d17.12
MinimumVisualStudioVersion = 10.0.40219.1
Project("{FAE04EC0-301F-11D3-BF4B-00C04F79EFBC}") = "News", "News\News.csproj", "{90399A22-2233-4956-9068-0313B6DA24E0}"
EndProject
Project("{FAE04EC0-301F-11D3-BF4B-00C04F79EFBC}") = "ContactApp", "ContactApp\ContactApp.csproj", "{7429A95D-E3CC-492A-BB68-015896753B7B}"
EndProject
Project("{FAE04EC0-301F-11D3-BF4B-00C04F79EFBC}") = "TodoApp", "TodoApp\TodoApp.csproj", "{9CFA9D4D-B5F2-457B-8AB1-2E74681C91C6}"
EndProject
Global
	GlobalSection(SolutionConfigurationPlatforms) = preSolution
		Debug|Any CPU = Debug|Any CPU
		Release|Any CPU = Release|Any CPU
	EndGlobalSection
	GlobalSection(ProjectConfigurationPlatforms) = postSolution
		{90399A22-2233-4956-9068-0313B6DA24E0}.Debug|Any CPU.ActiveCfg = Debug|Any CPU
		{90399A22-2233-4956-9068-0313B6DA24E0}.Debug|Any CPU.Build.0 = Debug|Any CPU
		{90399A22-2233-4956-9068-0313B6DA24E0}.Release|Any CPU.ActiveCfg = Release|Any CPU
		{90399A22-2233-4956-9068-0313B6DA24E0}.Release|Any CPU.Build.0 = Release|Any CPU
		{7429A95D-E3CC-492A-BB68-015896753B7B}.Debug|Any CPU.ActiveCfg = Debug|Any CPU
		{7429A95D-E3CC-492A-BB68-015896753B7B}.Debug|Any CPU.Build.0 = Debug|Any CPU
		{7429A95D-E3CC-492A-BB68-015896753B7B}.Release|Any CPU.ActiveCfg = Release|Any CPU
		{7429A95D-E3CC-492A-BB68-015896753B7B}.Release|Any CPU.Build.0 = Release|Any CPU
		{9CFA9D4D-B5F2-457B-8AB1-2E74681C91C6}.Debug|Any CPU.ActiveCfg = Debug|Any CPU
		{9CFA9D4D-B5F2-457B-8AB1-2E74681C91C6}.Debug|Any CPU.Build.0 = Debug|Any CPU
		{9CFA9D4D-B5F2-457B-8AB1-2E74681C91C6}.Release|Any CPU.ActiveCfg = Release|Any CPU
		{9CFA9D4D-B5F2-457B-8AB1-2E74681C91C6}.Release|Any CPU.Build.0 = Release|Any CPU
	EndGlobalSection
	GlobalSection(SolutionProperties) = preSolution
		HideSolutionNode = FALSE
	EndGlobalSection
EndGlobal
