Microsoft Visual Studio Solution File, Format Version 12.00
# Visual Studio Version 17
VisualStudioVersion = 17.5.2.0
MinimumVisualStudioVersion = 10.0.40219.1
Project("{FAE04EC0-301F-11D3-BF4B-00C04F79EFBC}") = "LibApp", "LibApp\LibApp.csproj", "{A9ADCB1C-F1B1-09AA-6B4C-76359548FE4B}"
EndProject
Project("{FAE04EC0-301F-11D3-BF4B-00C04F79EFBC}") = "ResApp", "ResApp\ResApp.csproj", "{B4ACBC7B-FED8-9B90-3B12-9A60133AAF6C}"
EndProject
Global
	GlobalSection(SolutionConfigurationPlatforms) = preSolution
		Debug|Any CPU = Debug|Any CPU
		Release|Any CPU = Release|Any CPU
	EndGlobalSection
	GlobalSection(ProjectConfigurationPlatforms) = postSolution
		{A9ADCB1C-F1B1-09AA-6B4C-76359548FE4B}.Debug|Any CPU.ActiveCfg = Debug|Any CPU
		{A9ADCB1C-F1B1-09AA-6B4C-76359548FE4B}.Debug|Any CPU.Build.0 = Debug|Any CPU
		{A9ADCB1C-F1B1-09AA-6B4C-76359548FE4B}.Release|Any CPU.ActiveCfg = Release|Any CPU
		{A9ADCB1C-F1B1-09AA-6B4C-76359548FE4B}.Release|Any CPU.Build.0 = Release|Any CPU
		{B4ACBC7B-FED8-9B90-3B12-9A60133AAF6C}.Debug|Any CPU.ActiveCfg = Debug|Any CPU
		{B4ACBC7B-FED8-9B90-3B12-9A60133AAF6C}.Debug|Any CPU.Build.0 = Debug|Any CPU
		{B4ACBC7B-FED8-9B90-3B12-9A60133AAF6C}.Release|Any CPU.ActiveCfg = Release|Any CPU
		{B4ACBC7B-FED8-9B90-3B12-9A60133AAF6C}.Release|Any CPU.Build.0 = Release|Any CPU
	EndGlobalSection
	GlobalSection(SolutionProperties) = preSolution
		HideSolutionNode = FALSE
	EndGlobalSection
	GlobalSection(ExtensibilityGlobals) = postSolution
		SolutionGuid = {E0DFFA6E-BF50-4A80-902E-BDDF7553753F}
	EndGlobalSection
EndGlobal
